
Microsoft Visual Studio Solution File, Format Version 12.00
# Visual Studio 15
VisualStudioVersion = 15.0.27130.2036
MinimumVisualStudioVersion = 10.0.40219.1
Project("{FAE04EC0-301F-11D3-BF4B-00C04F79EFBC}") = "Open API Library", "Open API Library\Open API Library.csproj", "{6CDD44D5-2586-4406-84E4-216B5EBB4B15}"
EndProject
Project("{FAE04EC0-301F-11D3-BF4B-00C04F79EFBC}") = "Open API 2.0 WinForms Sample", "Open API 2.0 Sample\Open API 2.0 WinForms Sample.csproj", "{DDABD191-094C-4008-AC07-A9357513D9AF}"
EndProject
Global
	GlobalSection(SolutionConfigurationPlatforms) = preSolution
		Debug|Any CPU = Debug|Any CPU
		Release|Any CPU = Release|Any CPU
	EndGlobalSection
	GlobalSection(ProjectConfigurationPlatforms) = postSolution
		{6CDD44D5-2586-4406-84E4-216B5EBB4B15}.Debug|Any CPU.ActiveCfg = Debug|Any CPU
		{6CDD44D5-2586-4406-84E4-216B5EBB4B15}.Debug|Any CPU.Build.0 = Debug|Any CPU
		{6CDD44D5-2586-4406-84E4-216B5EBB4B15}.Release|Any CPU.ActiveCfg = Release|Any CPU
		{6CDD44D5-2586-4406-84E4-216B5EBB4B15}.Release|Any CPU.Build.0 = Release|Any CPU
		{DDABD191-094C-4008-AC07-A9357513D9AF}.Debug|Any CPU.ActiveCfg = Debug|Any CPU
		{DDABD191-094C-4008-AC07-A9357513D9AF}.Debug|Any CPU.Build.0 = Debug|Any CPU
		{DDABD191-094C-4008-AC07-A9357513D9AF}.Release|Any CPU.ActiveCfg = Release|Any CPU
		{DDABD191-094C-4008-AC07-A9357513D9AF}.Release|Any CPU.Build.0 = Release|Any CPU
	EndGlobalSection
	GlobalSection(SolutionProperties) = preSolution
		HideSolutionNode = FALSE
	EndGlobalSection
	GlobalSection(ExtensibilityGlobals) = postSolution
		SolutionGuid = {B40AF6E6-3E05-40BA-A915-C1577ABE36C8}
	EndGlobalSection
EndGlobal
